
Microsoft Visual Studio Solution File, Format Version 12.00
# Visual Studio Version 17
VisualStudioVersion = 17.5.33530.505
MinimumVisualStudioVersion = 10.0.40219.1
Project("{FAE04EC0-301F-11D3-BF4B-00C04F79EFBC}") = "DEMO_PROJECT_C2108G3_Delivery", "DEMO_PROJECT_C2108G3_Delivery\DEMO_PROJECT_C2108G3_Delivery.csproj", "{650327BC-EB51-4F42-87FE-C321FDF6B66B}"
EndProject
Global
	GlobalSection(SolutionConfigurationPlatforms) = preSolution
		Debug|Any CPU = Debug|Any CPU
		Release|Any CPU = Release|Any CPU
	EndGlobalSection
	GlobalSection(ProjectConfigurationPlatforms) = postSolution
		{650327BC-EB51-4F42-87FE-C321FDF6B66B}.Debug|Any CPU.ActiveCfg = Debug|Any CPU
		{650327BC-EB51-4F42-87FE-C321FDF6B66B}.Debug|Any CPU.Build.0 = Debug|Any CPU
		{650327BC-EB51-4F42-87FE-C321FDF6B66B}.Release|Any CPU.ActiveCfg = Release|Any CPU
		{650327BC-EB51-4F42-87FE-C321FDF6B66B}.Release|Any CPU.Build.0 = Release|Any CPU
	EndGlobalSection
	GlobalSection(SolutionProperties) = preSolution
		HideSolutionNode = FALSE
	EndGlobalSection
	GlobalSection(ExtensibilityGlobals) = postSolution
		SolutionGuid = {5350A40C-FE3E-4645-A62F-FDA51DD9FF10}
	EndGlobalSection
EndGlobal
